
Microsoft Visual Studio Solution File, Format Version 12.00
# Visual Studio Version 17
VisualStudioVersion = 17.7.34024.191
MinimumVisualStudioVersion = 10.0.40219.1
Project("{FAE04EC0-301F-11D3-BF4B-00C04F79EFBC}") = "Assignment_1", "Assignment_1\Assignment_1.csproj", "{43674252-CC5B-4E65-B9B1-923906E205CE}"
	ProjectSection(ProjectDependencies) = postProject
		{64E728A7-0F17-430D-9166-65A98D25355D} = {64E728A7-0F17-430D-9166-65A98D25355D}
	EndProjectSection
EndProject
Project("{FAE04EC0-301F-11D3-BF4B-00C04F79EFBC}") = "ClassLibrary", "ClassLibrary\ClassLibrary.csproj", "{64E728A7-0F17-430D-9166-65A98D25355D}"
EndProject
Global
	GlobalSection(SolutionConfigurationPlatforms) = preSolution
		Debug|Any CPU = Debug|Any CPU
		Release|Any CPU = Release|Any CPU
	EndGlobalSection
	GlobalSection(ProjectConfigurationPlatforms) = postSolution
		{43674252-CC5B-4E65-B9B1-923906E205CE}.Debug|Any CPU.ActiveCfg = Debug|Any CPU
		{43674252-CC5B-4E65-B9B1-923906E205CE}.Debug|Any CPU.Build.0 = Debug|Any CPU
		{43674252-CC5B-4E65-B9B1-923906E205CE}.Release|Any CPU.ActiveCfg = Release|Any CPU
		{43674252-CC5B-4E65-B9B1-923906E205CE}.Release|Any CPU.Build.0 = Release|Any CPU
		{64E728A7-0F17-430D-9166-65A98D25355D}.Debug|Any CPU.ActiveCfg = Debug|Any CPU
		{64E728A7-0F17-430D-9166-65A98D25355D}.Debug|Any CPU.Build.0 = Debug|Any CPU
		{64E728A7-0F17-430D-9166-65A98D25355D}.Release|Any CPU.ActiveCfg = Release|Any CPU
		{64E728A7-0F17-430D-9166-65A98D25355D}.Release|Any CPU.Build.0 = Release|Any CPU
	EndGlobalSection
	GlobalSection(SolutionProperties) = preSolution
		HideSolutionNode = FALSE
	EndGlobalSection
	GlobalSection(ExtensibilityGlobals) = postSolution
		SolutionGuid = {E4048B70-BD27-4F33-B41C-5E5AE62F05A3}
	EndGlobalSection
EndGlobal
