
Microsoft Visual Studio Solution File, Format Version 12.00
# Visual Studio Version 17
VisualStudioVersion = 17.7.34031.279
MinimumVisualStudioVersion = 10.0.40219.1
Project("{FAE04EC0-301F-11D3-BF4B-00C04F79EFBC}") = "ClassLibrary", "ClassLibrary\ClassLibrary.csproj", "{64E728A7-0F17-430D-9166-65A98D25355D}"
EndProject
Global
	GlobalSection(SolutionConfigurationPlatforms) = preSolution
		Debug|Any CPU = Debug|Any CPU
		Release|Any CPU = Release|Any CPU
	EndGlobalSection
	GlobalSection(ProjectConfigurationPlatforms) = postSolution
		{64E728A7-0F17-430D-9166-65A98D25355D}.Debug|Any CPU.ActiveCfg = Debug|Any CPU
		{64E728A7-0F17-430D-9166-65A98D25355D}.Debug|Any CPU.Build.0 = Debug|Any CPU
		{64E728A7-0F17-430D-9166-65A98D25355D}.Release|Any CPU.ActiveCfg = Release|Any CPU
		{64E728A7-0F17-430D-9166-65A98D25355D}.Release|Any CPU.Build.0 = Release|Any CPU
	EndGlobalSection
	GlobalSection(SolutionProperties) = preSolution
		HideSolutionNode = FALSE
	EndGlobalSection
	GlobalSection(ExtensibilityGlobals) = postSolution
		SolutionGuid = {9649D336-34A5-44A3-B39F-A6E0D9D8BF4F}
	EndGlobalSection
EndGlobal
